
Microsoft Visual Studio Solution File, Format Version 12.00
# Visual Studio 15
VisualStudioVersion = 15.0.28010.2041
MinimumVisualStudioVersion = 10.0.40219.1
Project("{FAE04EC0-301F-11D3-BF4B-00C04F79EFBC}") = "SpendingTracker", "SpendingTracker\SpendingTracker.csproj", "{A6981C98-E5A0-457F-95E2-94B2E40074A6}"
EndProject
Global
	GlobalSection(SolutionConfigurationPlatforms) = preSolution
		Debug|Any CPU = Debug|Any CPU
		Release|Any CPU = Release|Any CPU
	EndGlobalSection
	GlobalSection(ProjectConfigurationPlatforms) = postSolution
		{A6981C98-E5A0-457F-95E2-94B2E40074A6}.Debug|Any CPU.ActiveCfg = Debug|Any CPU
		{A6981C98-E5A0-457F-95E2-94B2E40074A6}.Debug|Any CPU.Build.0 = Debug|Any CPU
		{A6981C98-E5A0-457F-95E2-94B2E40074A6}.Release|Any CPU.ActiveCfg = Release|Any CPU
		{A6981C98-E5A0-457F-95E2-94B2E40074A6}.Release|Any CPU.Build.0 = Release|Any CPU
	EndGlobalSection
	GlobalSection(SolutionProperties) = preSolution
		HideSolutionNode = FALSE
	EndGlobalSection
	GlobalSection(ExtensibilityGlobals) = postSolution
		SolutionGuid = {37A8ACC5-C9FC-4970-8FD6-2BEA063EFA5B}
	EndGlobalSection
EndGlobal
